
Microsoft Visual Studio Solution File, Format Version 12.00
Project("{FAE04EC0-301F-11D3-BF4B-00C04F79EFBC}") = "banc online", "banc online\banc online.csproj", "{CCEAF591-8517-4D2E-B2E8-E7C7385ECA59}"
EndProject
Global
	GlobalSection(SolutionConfigurationPlatforms) = preSolution
		Debug|Any CPU = Debug|Any CPU
		Release|Any CPU = Release|Any CPU
	EndGlobalSection
	GlobalSection(ProjectConfigurationPlatforms) = postSolution
		{CCEAF591-8517-4D2E-B2E8-E7C7385ECA59}.Debug|Any CPU.ActiveCfg = Debug|Any CPU
		{CCEAF591-8517-4D2E-B2E8-E7C7385ECA59}.Debug|Any CPU.Build.0 = Debug|Any CPU
		{CCEAF591-8517-4D2E-B2E8-E7C7385ECA59}.Release|Any CPU.ActiveCfg = Release|Any CPU
		{CCEAF591-8517-4D2E-B2E8-E7C7385ECA59}.Release|Any CPU.Build.0 = Release|Any CPU
	EndGlobalSection
EndGlobal
